// !$*UTF8*$!
{
	archiveVersion = 1;
	classes = {
	};
	objectVersion = 50;
	objects = {

/* Begin PBXBuildFile section */
		231E2B8F24306BF10025E657 /* CategorySolarSystemViewController.swift in Sources */ = {isa = PBXBuildFile; fileRef = 231E2B8E24306BF10025E657 /* CategorySolarSystemViewController.swift */; };
		234628AA24307905003BCE0C /* CategoryGalaxyViewController.swift in Sources */ = {isa = PBXBuildFile; fileRef = 234628A924307905003BCE0C /* CategoryGalaxyViewController.swift */; };
		234628AC24307C1F003BCE0C /* ContentViewController.swift in Sources */ = {isa = PBXBuildFile; fileRef = 234628AB24307C1F003BCE0C /* ContentViewController.swift */; };
		23479C4124319EBB006B9E8E /* PopUpViewController.swift in Sources */ = {isa = PBXBuildFile; fileRef = 23479C4024319EBB006B9E8E /* PopUpViewController.swift */; };
		236A4FDC243341410043F35D /* GalaxyContentViewController.swift in Sources */ = {isa = PBXBuildFile; fileRef = 236A4FDB243341410043F35D /* GalaxyContentViewController.swift */; };
		23793CCF24384FBD00B2ECEE /* Sound.swift in Sources */ = {isa = PBXBuildFile; fileRef = 23793CCE24384FBD00B2ECEE /* Sound.swift */; };
		239FAB9624323C5D009F15FC /* InfoPopUpViewController.swift in Sources */ = {isa = PBXBuildFile; fileRef = 239FAB9524323C5D009F15FC /* InfoPopUpViewController.swift */; };
		23BE47E9242DBC530056F0D7 /* AppDelegate.swift in Sources */ = {isa = PBXBuildFile; fileRef = 23BE47E8242DBC530056F0D7 /* AppDelegate.swift */; };
		23BE47EB242DBC530056F0D7 /* SceneDelegate.swift in Sources */ = {isa = PBXBuildFile; fileRef = 23BE47EA242DBC530056F0D7 /* SceneDelegate.swift */; };
		23BE47ED242DBC530056F0D7 /* ViewController.swift in Sources */ = {isa = PBXBuildFile; fileRef = 23BE47EC242DBC530056F0D7 /* ViewController.swift */; };
		23BE47F0242DBC530056F0D7 /* Main.storyboard in Resources */ = {isa = PBXBuildFile; fileRef = 23BE47EE242DBC530056F0D7 /* Main.storyboard */; };
		23BE47F2242DBC540056F0D7 /* Assets.xcassets in Resources */ = {isa = PBXBuildFile; fileRef = 23BE47F1242DBC540056F0D7 /* Assets.xcassets */; };
		23BE47F5242DBC540056F0D7 /* LaunchScreen.storyboard in Resources */ = {isa = PBXBuildFile; fileRef = 23BE47F3242DBC540056F0D7 /* LaunchScreen.storyboard */; };
/* End PBXBuildFile section */

/* Begin PBXFileReference section */
		231E2B8E24306BF10025E657 /* CategorySolarSystemViewController.swift */ = {isa = PBXFileReference; lastKnownFileType = sourcecode.swift; path = CategorySolarSystemViewController.swift; sourceTree = "<group>"; };
		234628A924307905003BCE0C /* CategoryGalaxyViewController.swift */ = {isa = PBXFileReference; lastKnownFileType = sourcecode.swift; path = CategoryGalaxyViewController.swift; sourceTree = "<group>"; };
		234628AB24307C1F003BCE0C /* ContentViewController.swift */ = {isa = PBXFileReference; lastKnownFileType = sourcecode.swift; path = ContentViewController.swift; sourceTree = "<group>"; };
		23479C4024319EBB006B9E8E /* PopUpViewController.swift */ = {isa = PBXFileReference; lastKnownFileType = sourcecode.swift; path = PopUpViewController.swift; sourceTree = "<group>"; };
		236A4FDB243341410043F35D /* GalaxyContentViewController.swift */ = {isa = PBXFileReference; lastKnownFileType = sourcecode.swift; path = GalaxyContentViewController.swift; sourceTree = "<group>"; };
		23793CCE24384FBD00B2ECEE /* Sound.swift */ = {isa = PBXFileReference; lastKnownFileType = sourcecode.swift; path = Sound.swift; sourceTree = "<group>"; };
		239FAB9524323C5D009F15FC /* InfoPopUpViewController.swift */ = {isa = PBXFileReference; lastKnownFileType = sourcecode.swift; path = InfoPopUpViewController.swift; sourceTree = "<group>"; };
		23BE47E5242DBC530056F0D7 /* SpaceCapsule.app */ = {isa = PBXFileReference; explicitFileType = wrapper.application; includeInIndex = 0; path = SpaceCapsule.app; sourceTree = BUILT_PRODUCTS_DIR; };
		23BE47E8242DBC530056F0D7 /* AppDelegate.swift */ = {isa = PBXFileReference; lastKnownFileType = sourcecode.swift; path = AppDelegate.swift; sourceTree = "<group>"; };
		23BE47EA242DBC530056F0D7 /* SceneDelegate.swift */ = {isa = PBXFileReference; lastKnownFileType = sourcecode.swift; path = SceneDelegate.swift; sourceTree = "<group>"; };
		23BE47EC242DBC530056F0D7 /* ViewController.swift */ = {isa = PBXFileReference; lastKnownFileType = sourcecode.swift; path = ViewController.swift; sourceTree = "<group>"; };
		23BE47EF242DBC530056F0D7 /* Base */ = {isa = PBXFileReference; lastKnownFileType = file.storyboard; name = Base; path = Base.lproj/Main.storyboard; sourceTree = "<group>"; };
		23BE47F1242DBC540056F0D7 /* Assets.xcassets */ = {isa = PBXFileReference; lastKnownFileType = folder.assetcatalog; path = Assets.xcassets; sourceTree = "<group>"; };
		23BE47F4242DBC540056F0D7 /* Base */ = {isa = PBXFileReference; lastKnownFileType = file.storyboard; name = Base; path = Base.lproj/LaunchScreen.storyboard; sourceTree = "<group>"; };
		23BE47F6242DBC540056F0D7 /* Info.plist */ = {isa = PBXFileReference; lastKnownFileType = text.plist.xml; path = Info.plist; sourceTree = "<group>"; };
/* End PBXFileReference section */

/* Begin PBXFrameworksBuildPhase section */
		23BE47E2242DBC530056F0D7 /* Frameworks */ = {
			isa = PBXFrameworksBuildPhase;
			buildActionMask = 2147483647;
			files = (
			);
			runOnlyForDeploymentPostprocessing = 0;
		};
/* End PBXFrameworksBuildPhase section */

/* Begin PBXGroup section */
		234628A824307858003BCE0C /* ViewController */ = {
			isa = PBXGroup;
			children = (
				23BE47EC242DBC530056F0D7 /* ViewController.swift */,
				231E2B8E24306BF10025E657 /* CategorySolarSystemViewController.swift */,
				234628A924307905003BCE0C /* CategoryGalaxyViewController.swift */,
				234628AB24307C1F003BCE0C /* ContentViewController.swift */,
				236A4FDB243341410043F35D /* GalaxyContentViewController.swift */,
				23479C4024319EBB006B9E8E /* PopUpViewController.swift */,
				239FAB9524323C5D009F15FC /* InfoPopUpViewController.swift */,
			);
			path = ViewController;
			sourceTree = "<group>";
		};
		23BE47DC242DBC530056F0D7 = {
			isa = PBXGroup;
			children = (
				23BE47E7242DBC530056F0D7 /* SpaceCapsule */,
				23BE47E6242DBC530056F0D7 /* Products */,
			);
			sourceTree = "<group>";
		};
		23BE47E6242DBC530056F0D7 /* Products */ = {
			isa = PBXGroup;
			children = (
				23BE47E5242DBC530056F0D7 /* SpaceCapsule.app */,
			);
			name = Products;
			sourceTree = "<group>";
		};
		23BE47E7242DBC530056F0D7 /* SpaceCapsule */ = {
			isa = PBXGroup;
			children = (
				234628A824307858003BCE0C /* ViewController */,
				23BE47EA242DBC530056F0D7 /* SceneDelegate.swift */,
				23BE47E8242DBC530056F0D7 /* AppDelegate.swift */,
				23793CCE24384FBD00B2ECEE /* Sound.swift */,
				23BE47EE242DBC530056F0D7 /* Main.storyboard */,
				23BE47F1242DBC540056F0D7 /* Assets.xcassets */,
				23BE47F3242DBC540056F0D7 /* LaunchScreen.storyboard */,
				23BE47F6242DBC540056F0D7 /* Info.plist */,
			);
			path = SpaceCapsule;
			sourceTree = "<group>";
		};
/* End PBXGroup section */

/* Begin PBXNativeTarget section */
		23BE47E4242DBC530056F0D7 /* SpaceCapsule */ = {
			isa = PBXNativeTarget;
			buildConfigurationList = 23BE47F9242DBC540056F0D7 /* Build configuration list for PBXNativeTarget "SpaceCapsule" */;
			buildPhases = (
				23BE47E1242DBC530056F0D7 /* Sources */,
				23BE47E2242DBC530056F0D7 /* Frameworks */,
				23BE47E3242DBC530056F0D7 /* Resources */,
			);
			buildRules = (
			);
			dependencies = (
			);
			name = SpaceCapsule;
			productName = SpaceCapsule;
			productReference = 23BE47E5242DBC530056F0D7 /* SpaceCapsule.app */;
			productType = "com.apple.product-type.application";
		};
/* End PBXNativeTarget section */

/* Begin PBXProject section */
		23BE47DD242DBC530056F0D7 /* Project object */ = {
			isa = PBXProject;
			attributes = {
				LastSwiftUpdateCheck = 1130;
				LastUpgradeCheck = 1130;
				ORGANIZATIONNAME = Windy;
				TargetAttributes = {
					23BE47E4242DBC530056F0D7 = {
						CreatedOnToolsVersion = 11.3.1;
					};
				};
			};
			buildConfigurationList = 23BE47E0242DBC530056F0D7 /* Build configuration list for PBXProject "SpaceCapsule" */;
			compatibilityVersion = "Xcode 9.3";
			developmentRegion = en;
			hasScannedForEncodings = 0;
			knownRegions = (
				en,
				Base,
			);
			mainGroup = 23BE47DC242DBC530056F0D7;
			productRefGroup = 23BE47E6242DBC530056F0D7 /* Products */;
			projectDirPath = "";
			projectRoot = "";
			targets = (
				23BE47E4242DBC530056F0D7 /* SpaceCapsule */,
			);
		};
/* End PBXProject section */

/* Begin PBXResourcesBuildPhase section */
		23BE47E3242DBC530056F0D7 /* Resources */ = {
			isa = PBXResourcesBuildPhase;
			buildActionMask = 2147483647;
			files = (
				23BE47F5242DBC540056F0D7 /* LaunchScreen.storyboard in Resources */,
				23BE47F2242DBC540056F0D7 /* Assets.xcassets in Resources */,
				23BE47F0242DBC530056F0D7 /* Main.storyboard in Resources */,
			);
			runOnlyForDeploymentPostprocessing = 0;
		};
/* End PBXResourcesBuildPhase section */

/* Begin PBXSourcesBuildPhase section */
		23BE47E1242DBC530056F0D7 /* Sources */ = {
			isa = PBXSourcesBuildPhase;
			buildActionMask = 2147483647;
			files = (
				231E2B8F24306BF10025E657 /* CategorySolarSystemViewController.swift in Sources */,
				23BE47ED242DBC530056F0D7 /* ViewController.swift in Sources */,
				23479C4124319EBB006B9E8E /* PopUpViewController.swift in Sources */,
				23BE47E9242DBC530056F0D7 /* AppDelegate.swift in Sources */,
				23BE47EB242DBC530056F0D7 /* SceneDelegate.swift in Sources */,
				23793CCF24384FBD00B2ECEE /* Sound.swift in Sources */,
				236A4FDC243341410043F35D /* GalaxyContentViewController.swift in Sources */,
				234628AC24307C1F003BCE0C /* ContentViewController.swift in Sources */,
				234628AA24307905003BCE0C /* CategoryGalaxyViewController.swift in Sources */,
				239FAB9624323C5D009F15FC /* InfoPopUpViewController.swift in Sources */,
			);
			runOnlyForDeploymentPostprocessing = 0;
		};
/* End PBXSourcesBuildPhase section */

/* Begin PBXVariantGroup section */
		23BE47EE242DBC530056F0D7 /* Main.storyboard */ = {
			isa = PBXVariantGroup;
			children = (
				23BE47EF242DBC530056F0D7 /* Base */,
			);
			name = Main.storyboard;
			sourceTree = "<group>";
		};
		23BE47F3242DBC540056F0D7 /* LaunchScreen.storyboard */ = {
			isa = PBXVariantGroup;
			children = (
				23BE47F4242DBC540056F0D7 /* Base */,
			);
			name = LaunchScreen.storyboard;
			sourceTree = "<group>";
		};
/* End PBXVariantGroup section */

/* Begin XCBuildConfiguration section */
		23BE47F7242DBC540056F0D7 /* Debug */ = {
			isa = XCBuildConfiguration;
			buildSettings = {
				ALWAYS_SEARCH_USER_PATHS = NO;
				CLANG_ANALYZER_NONNULL = YES;
				CLANG_ANALYZER_NUMBER_OBJECT_CONVERSION = YES_AGGRESSIVE;
				CLANG_CXX_LANGUAGE_STANDARD = "gnu++14";
				CLANG_CXX_LIBRARY = "libc++";
				CLANG_ENABLE_MODULES = YES;
				CLANG_ENABLE_OBJC_ARC = YES;
				CLANG_ENABLE_OBJC_WEAK = YES;
				CLANG_WARN_BLOCK_CAPTURE_AUTORELEASING = YES;
				CLANG_WARN_BOOL_CONVERSION = YES;
				CLANG_WARN_COMMA = YES;
				CLANG_WARN_CONSTANT_CONVERSION = YES;
				CLANG_WARN_DEPRECATED_OBJC_IMPLEMENTATIONS = YES;
				CLANG_WARN_DIRECT_OBJC_ISA_USAGE = YES_ERROR;
				CLANG_WARN_DOCUMENTATION_COMMENTS = YES;
				CLANG_WARN_EMPTY_BODY = YES;
				CLANG_WARN_ENUM_CONVERSION = YES;
				CLANG_WARN_INFINITE_RECURSION = YES;
				CLANG_WARN_INT_CONVERSION = YES;
				CLANG_WARN_NON_LITERAL_NULL_CONVERSION = YES;
				CLANG_WARN_OBJC_IMPLICIT_RETAIN_SELF = YES;
				CLANG_WARN_OBJC_LITERAL_CONVERSION = YES;
				CLANG_WARN_OBJC_ROOT_CLASS = YES_ERROR;
				CLANG_WARN_RANGE_LOOP_ANALYSIS = YES;
				CLANG_WARN_STRICT_PROTOTYPES = YES;
				CLANG_WARN_SUSPICIOUS_MOVE = YES;
				CLANG_WARN_UNGUARDED_AVAILABILITY = YES_AGGRESSIVE;
				CLANG_WARN_UNREACHABLE_CODE = YES;
				CLANG_WARN__DUPLICATE_METHOD_MATCH = YES;
				COPY_PHASE_STRIP = NO;
				DEBUG_INFORMATION_FORMAT = dwarf;
				ENABLE_STRICT_OBJC_MSGSEND = YES;
				ENABLE_TESTABILITY = YES;
				GCC_C_LANGUAGE_STANDARD = gnu11;
				GCC_DYNAMIC_NO_PIC = NO;
				GCC_NO_COMMON_BLOCKS = YES;
				GCC_OPTIMIZATION_LEVEL = 0;
				GCC_PREPROCESSOR_DEFINITIONS = (
					"DEBUG=1",
					"$(inherited)",
				);
				GCC_WARN_64_TO_32_BIT_CONVERSION = YES;
				GCC_WARN_ABOUT_RETURN_TYPE = YES_ERROR;
				GCC_WARN_UNDECLARED_SELECTOR = YES;
				GCC_WARN_UNINITIALIZED_AUTOS = YES_AGGRESSIVE;
				GCC_WARN_UNUSED_FUNCTION = YES;
				GCC_WARN_UNUSED_VARIABLE = YES;
				IPHONEOS_DEPLOYMENT_TARGET = 13.2;
				MTL_ENABLE_DEBUG_INFO = INCLUDE_SOURCE;
				MTL_FAST_MATH = YES;
				ONLY_ACTIVE_ARCH = YES;
				SDKROOT = iphoneos;
				SWIFT_ACTIVE_COMPILATION_CONDITIONS = DEBUG;
				SWIFT_OPTIMIZATION_LEVEL = "-Onone";
			};
			name = Debug;
		};
		23BE47F8242DBC540056F0D7 /* Release */ = {
			isa = XCBuildConfiguration;
			buildSettings = {
				ALWAYS_SEARCH_USER_PATHS = NO;
				CLANG_ANALYZER_NONNULL = YES;
				CLANG_ANALYZER_NUMBER_OBJECT_CONVERSION = YES_AGGRESSIVE;
				CLANG_CXX_LANGUAGE_STANDARD = "gnu++14";
				CLANG_CXX_LIBRARY = "libc++";
				CLANG_ENABLE_MODULES = YES;
				CLANG_ENABLE_OBJC_ARC = YES;
				CLANG_ENABLE_OBJC_WEAK = YES;
				CLANG_WARN_BLOCK_CAPTURE_AUTORELEASING = YES;
				CLANG_WARN_BOOL_CONVERSION = YES;
				CLANG_WARN_COMMA = YES;
				CLANG_WARN_CONSTANT_CONVERSION = YES;
				CLANG_WARN_DEPRECATED_OBJC_IMPLEMENTATIONS = YES;
				CLANG_WARN_DIRECT_OBJC_ISA_USAGE = YES_ERROR;
				CLANG_WARN_DOCUMENTATION_COMMENTS = YES;
				CLANG_WARN_EMPTY_BODY = YES;
				CLANG_WARN_ENUM_CONVERSION = YES;
				CLANG_WARN_INFINITE_RECURSION = YES;
				CLANG_WARN_INT_CONVERSION = YES;
				CLANG_WARN_NON_LITERAL_NULL_CONVERSION = YES;
				CLANG_WARN_OBJC_IMPLICIT_RETAIN_SELF = YES;
				CLANG_WARN_OBJC_LITERAL_CONVERSION = YES;
				CLANG_WARN_OBJC_ROOT_CLASS = YES_ERROR;
				CLANG_WARN_RANGE_LOOP_ANALYSIS = YES;
				CLANG_WARN_STRICT_PROTOTYPES = YES;
				CLANG_WARN_SUSPICIOUS_MOVE = YES;
				CLANG_WARN_UNGUARDED_AVAILABILITY = YES_AGGRESSIVE;
				CLANG_WARN_UNREACHABLE_CODE = YES;
				CLANG_WARN__DUPLICATE_METHOD_MATCH = YES;
				COPY_PHASE_STRIP = NO;
				DEBUG_INFORMATION_FORMAT = "dwarf-with-dsym";
				ENABLE_NS_ASSERTIONS = NO;
				ENABLE_STRICT_OBJC_MSGSEND = YES;
				GCC_C_LANGUAGE_STANDARD = gnu11;
				GCC_NO_COMMON_BLOCKS = YES;
				GCC_WARN_64_TO_32_BIT_CONVERSION = YES;
				GCC_WARN_ABOUT_RETURN_TYPE = YES_ERROR;
				GCC_WARN_UNDECLARED_SELECTOR = YES;
				GCC_WARN_UNINITIALIZED_AUTOS = YES_AGGRESSIVE;
				GCC_WARN_UNUSED_FUNCTION = YES;
				GCC_WARN_UNUSED_VARIABLE = YES;
				IPHONEOS_DEPLOYMENT_TARGET = 13.2;
				MTL_ENABLE_DEBUG_INFO = NO;
				MTL_FAST_MATH = YES;
				SDKROOT = iphoneos;
				SWIFT_COMPILATION_MODE = wholemodule;
				SWIFT_OPTIMIZATION_LEVEL = "-O";
				VALIDATE_PRODUCT = YES;
			};
			name = Release;
		};
		23BE47FA242DBC540056F0D7 /* Debug */ = {
			isa = XCBuildConfiguration;
			buildSettings = {
				ASSETCATALOG_COMPILER_APPICON_NAME = AppIcon;
				CODE_SIGN_STYLE = Automatic;
				INFOPLIST_FILE = SpaceCapsule/Info.plist;
				LD_RUNPATH_SEARCH_PATHS = (
					"$(inherited)",
					"@executable_path/Frameworks",
				);
				PRODUCT_BUNDLE_IDENTIFIER = com.SpaceCapsule;
				PRODUCT_NAME = "$(TARGET_NAME)";
				SWIFT_VERSION = 5.0;
				TARGETED_DEVICE_FAMILY = "1,2";
			};
			name = Debug;
		};
		23BE47FB242DBC540056F0D7 /* Release */ = {
			isa = XCBuildConfiguration;
			buildSettings = {
				ASSETCATALOG_COMPILER_APPICON_NAME = AppIcon;
				CODE_SIGN_STYLE = Automatic;
				INFOPLIST_FILE = SpaceCapsule/Info.plist;
				LD_RUNPATH_SEARCH_PATHS = (
					"$(inherited)",
					"@executable_path/Frameworks",
				);
				PRODUCT_BUNDLE_IDENTIFIER = com.SpaceCapsule;
				PRODUCT_NAME = "$(TARGET_NAME)";
				SWIFT_VERSION = 5.0;
				TARGETED_DEVICE_FAMILY = "1,2";
			};
			name = Release;
		};
/* End XCBuildConfiguration section */

/* Begin XCConfigurationList section */
		23BE47E0242DBC530056F0D7 /* Build configuration list for PBXProject "SpaceCapsule" */ = {
			isa = XCConfigurationList;
			buildConfigurations = (
				23BE47F7242DBC540056F0D7 /* Debug */,
				23BE47F8242DBC540056F0D7 /* Release */,
			);
			defaultConfigurationIsVisible = 0;
			defaultConfigurationName = Release;
		};
		23BE47F9242DBC540056F0D7 /* Build configuration list for PBXNativeTarget "SpaceCapsule" */ = {
			isa = XCConfigurationList;
			buildConfigurations = (
				23BE47FA242DBC540056F0D7 /* Debug */,
				23BE47FB242DBC540056F0D7 /* Release */,
			);
			defaultConfigurationIsVisible = 0;
			defaultConfigurationName = Release;
		};
/* End XCConfigurationList section */
	};
	rootObject = 23BE47DD242DBC530056F0D7 /* Project object */;
}
